
Microsoft Visual Studio Solution File, Format Version 12.00
# 
Project("{FAE04EC0-301F-11D3-BF4B-00C04F79EFBC}") = "TrabalhoES2", "TrabalhoES2\TrabalhoES2.csproj", "{2A5499AC-C3B8-4A5E-B077-379450D93905}"
EndProject
Project("{FAE04EC0-301F-11D3-BF4B-00C04F79EFBC}") = "TrabalhoES2.Tests", "TrabalhoES2.Tests\TrabalhoES2.Tests.csproj", "{42FAA247-0492-4A5E-823B-30C3F05DC2AD}"
EndProject
Global
	GlobalSection(SolutionConfigurationPlatforms) = preSolution
		Debug|Any CPU = Debug|Any CPU
		Release|Any CPU = Release|Any CPU
	EndGlobalSection
	GlobalSection(ProjectConfigurationPlatforms) = postSolution
		{2A5499AC-C3B8-4A5E-B077-379450D93905}.Debug|Any CPU.ActiveCfg = Debug|Any CPU
		{2A5499AC-C3B8-4A5E-B077-379450D93905}.Debug|Any CPU.Build.0 = Debug|Any CPU
		{2A5499AC-C3B8-4A5E-B077-379450D93905}.Release|Any CPU.ActiveCfg = Release|Any CPU
		{2A5499AC-C3B8-4A5E-B077-379450D93905}.Release|Any CPU.Build.0 = Release|Any CPU
		{42FAA247-0492-4A5E-823B-30C3F05DC2AD}.Debug|Any CPU.ActiveCfg = Debug|Any CPU
		{42FAA247-0492-4A5E-823B-30C3F05DC2AD}.Debug|Any CPU.Build.0 = Debug|Any CPU
		{42FAA247-0492-4A5E-823B-30C3F05DC2AD}.Release|Any CPU.ActiveCfg = Release|Any CPU
		{42FAA247-0492-4A5E-823B-30C3F05DC2AD}.Release|Any CPU.Build.0 = Release|Any CPU
	EndGlobalSection
EndGlobal
